
Microsoft Visual Studio Solution File, Format Version 12.00
# Visual Studio 15
VisualStudioVersion = 15.0.27703.2035
MinimumVisualStudioVersion = 10.0.40219.1
Project("{2150E333-8FDC-42A3-9474-1A3956D46DE8}") = "ExternalLibrary", "ExternalLibrary", "{1C05132D-F028-4D17-BDE5-1A1DF35D84BB}"
EndProject
Project("{FAE04EC0-301F-11D3-BF4B-00C04F79EFBC}") = "Grapevine", "ExternalLibrary\Grapevine\Grapevine.csproj", "{C79E6853-F7A0-426F-883C-169651123256}"
EndProject
Project("{FAE04EC0-301F-11D3-BF4B-00C04F79EFBC}") = "IotDataServer.Common", "IotDataServer.Common\IotDataServer.Common.csproj", "{FF67BAB7-3ED0-4039-8D5A-34F483C3F90B}"
EndProject
Project("{FAE04EC0-301F-11D3-BF4B-00C04F79EFBC}") = "IotDataServer", "IotDataServer\IotDataServer.csproj", "{403630D6-1D6E-4696-911C-92E9AF8EFBC0}"
EndProject
Project("{2150E333-8FDC-42A3-9474-1A3956D46DE8}") = "Examples", "Examples", "{324CD39B-1DE8-4652-94B8-E58E25E3AAB3}"
EndProject
Project("{FAE04EC0-301F-11D3-BF4B-00C04F79EFBC}") = "SampleNodeGetter", "Examples\SampleNodeGetter\SampleNodeGetter.csproj", "{FC01BE3E-5526-44B6-B49B-C063FA94ACF7}"
EndProject
Project("{FAE04EC0-301F-11D3-BF4B-00C04F79EFBC}") = "SampleExtensionModule", "Examples\SampleExtensionModule\SampleExtensionModule.csproj", "{A948AEEF-AC08-4427-91E9-B8ADB4AA88AF}"
EndProject
Project("{FAE04EC0-301F-11D3-BF4B-00C04F79EFBC}") = "SampleConsoleApp", "Examples\SampleConsoleApp\SampleConsoleApp.csproj", "{5A61F86A-5FBA-4D2E-A900-D103A055E5C2}"
EndProject
Global
	GlobalSection(SolutionConfigurationPlatforms) = preSolution
		Debug|Any CPU = Debug|Any CPU
		Release|Any CPU = Release|Any CPU
	EndGlobalSection
	GlobalSection(ProjectConfigurationPlatforms) = postSolution
		{C79E6853-F7A0-426F-883C-169651123256}.Debug|Any CPU.ActiveCfg = Debug|Any CPU
		{C79E6853-F7A0-426F-883C-169651123256}.Debug|Any CPU.Build.0 = Debug|Any CPU
		{C79E6853-F7A0-426F-883C-169651123256}.Release|Any CPU.ActiveCfg = Release|Any CPU
		{C79E6853-F7A0-426F-883C-169651123256}.Release|Any CPU.Build.0 = Release|Any CPU
		{FF67BAB7-3ED0-4039-8D5A-34F483C3F90B}.Debug|Any CPU.ActiveCfg = Debug|Any CPU
		{FF67BAB7-3ED0-4039-8D5A-34F483C3F90B}.Debug|Any CPU.Build.0 = Debug|Any CPU
		{FF67BAB7-3ED0-4039-8D5A-34F483C3F90B}.Release|Any CPU.ActiveCfg = Release|Any CPU
		{FF67BAB7-3ED0-4039-8D5A-34F483C3F90B}.Release|Any CPU.Build.0 = Release|Any CPU
		{403630D6-1D6E-4696-911C-92E9AF8EFBC0}.Debug|Any CPU.ActiveCfg = Debug|Any CPU
		{403630D6-1D6E-4696-911C-92E9AF8EFBC0}.Debug|Any CPU.Build.0 = Debug|Any CPU
		{403630D6-1D6E-4696-911C-92E9AF8EFBC0}.Release|Any CPU.ActiveCfg = Release|Any CPU
		{403630D6-1D6E-4696-911C-92E9AF8EFBC0}.Release|Any CPU.Build.0 = Release|Any CPU
		{FC01BE3E-5526-44B6-B49B-C063FA94ACF7}.Debug|Any CPU.ActiveCfg = Debug|Any CPU
		{FC01BE3E-5526-44B6-B49B-C063FA94ACF7}.Debug|Any CPU.Build.0 = Debug|Any CPU
		{FC01BE3E-5526-44B6-B49B-C063FA94ACF7}.Release|Any CPU.ActiveCfg = Release|Any CPU
		{FC01BE3E-5526-44B6-B49B-C063FA94ACF7}.Release|Any CPU.Build.0 = Release|Any CPU
		{A948AEEF-AC08-4427-91E9-B8ADB4AA88AF}.Debug|Any CPU.ActiveCfg = Debug|Any CPU
		{A948AEEF-AC08-4427-91E9-B8ADB4AA88AF}.Debug|Any CPU.Build.0 = Debug|Any CPU
		{A948AEEF-AC08-4427-91E9-B8ADB4AA88AF}.Release|Any CPU.ActiveCfg = Release|Any CPU
		{A948AEEF-AC08-4427-91E9-B8ADB4AA88AF}.Release|Any CPU.Build.0 = Release|Any CPU
		{5A61F86A-5FBA-4D2E-A900-D103A055E5C2}.Debug|Any CPU.ActiveCfg = Debug|Any CPU
		{5A61F86A-5FBA-4D2E-A900-D103A055E5C2}.Debug|Any CPU.Build.0 = Debug|Any CPU
		{5A61F86A-5FBA-4D2E-A900-D103A055E5C2}.Release|Any CPU.ActiveCfg = Release|Any CPU
		{5A61F86A-5FBA-4D2E-A900-D103A055E5C2}.Release|Any CPU.Build.0 = Release|Any CPU
	EndGlobalSection
	GlobalSection(SolutionProperties) = preSolution
		HideSolutionNode = FALSE
	EndGlobalSection
	GlobalSection(NestedProjects) = preSolution
		{C79E6853-F7A0-426F-883C-169651123256} = {1C05132D-F028-4D17-BDE5-1A1DF35D84BB}
		{FC01BE3E-5526-44B6-B49B-C063FA94ACF7} = {324CD39B-1DE8-4652-94B8-E58E25E3AAB3}
		{A948AEEF-AC08-4427-91E9-B8ADB4AA88AF} = {324CD39B-1DE8-4652-94B8-E58E25E3AAB3}
		{5A61F86A-5FBA-4D2E-A900-D103A055E5C2} = {324CD39B-1DE8-4652-94B8-E58E25E3AAB3}
	EndGlobalSection
	GlobalSection(ExtensibilityGlobals) = postSolution
		SolutionGuid = {4F29DF40-C932-41F0-82ED-2001B50BF846}
	EndGlobalSection
EndGlobal
